
Microsoft Visual Studio Solution File, Format Version 12.00
# Visual Studio 15
VisualStudioVersion = 15.0.27130.2020
MinimumVisualStudioVersion = 10.0.40219.1
Project("{9A19103F-16F7-4668-BE54-9A1E7A4F7556}") = "ExpressionCache.Core", "src\ExpressionCache.Core\ExpressionCache.Core.csproj", "{95FC9AF3-A1C9-409E-A5BB-48BAD47A8EDF}"
EndProject
Project("{9A19103F-16F7-4668-BE54-9A1E7A4F7556}") = "ExpressionCache.Distributed", "src\ExpressionCache.Distributed\ExpressionCache.Distributed.csproj", "{7F57734F-030D-47FF-901E-EF7744591C3F}"
EndProject
Project("{2150E333-8FDC-42A3-9474-1A3956D46DE8}") = "Solution Items", "Solution Items", "{0D3664A8-B03E-4BCF-839D-05B531696319}"
	ProjectSection(SolutionItems) = preProject
		.gitattributes = .gitattributes
		.gitignore = .gitignore
		appveyor.yml = appveyor.yml
		build.cake = build.cake
		GitVersion.yml = GitVersion.yml
		LICENSE.txt = LICENSE.txt
		README.md = README.md
		.editorconfig = .editorconfig
		Directory.Build.props = Directory.Build.props
		stylecop.json = stylecop.json
	EndProjectSection
EndProject
Project("{9A19103F-16F7-4668-BE54-9A1E7A4F7556}") = "ExpressionCache.Core.Tests", "src\ExpressionCache.Core.Tests\ExpressionCache.Core.Tests.csproj", "{C9B64175-438C-45CF-813D-080668803BF2}"
EndProject
Project("{9A19103F-16F7-4668-BE54-9A1E7A4F7556}") = "ExpressionCache.Distributed.Tests", "src\ExpressionCache.Distributed.Tests\ExpressionCache.Distributed.Tests.csproj", "{E1933559-16AE-4A3F-B0B0-320EAF8566C6}"
EndProject
Project("{2150E333-8FDC-42A3-9474-1A3956D46DE8}") = "src", "src", "{F72E828C-F7DE-4017-98C6-DA80131AF0D9}"
EndProject
Project("{2150E333-8FDC-42A3-9474-1A3956D46DE8}") = ".vscode", ".vscode", "{DE84B09E-D95B-4FA5-B0F3-BAE35F5F38FA}"
	ProjectSection(SolutionItems) = preProject
		.vscode\extensions.json = .vscode\extensions.json
		.vscode\settings.json = .vscode\settings.json
		.vscode\tasks.json = .vscode\tasks.json
	EndProjectSection
EndProject
Project("{2150E333-8FDC-42A3-9474-1A3956D46DE8}") = ".config", ".config", "{5C5971BF-7D23-4A16-98D3-E5989A978626}"
ProjectSection(SolutionItems) = preProject
	.config\dotnet-tools.json = .config\dotnet-tools.json
EndProjectSection
EndProject
Project("{FAE04EC0-301F-11D3-BF4B-00C04F79EFBC}") = "ExpressionCache.Core.Testing", "src\ExpressionCache.Core.Testing\ExpressionCache.Core.Testing.csproj", "{69E4DBC2-2456-468E-BAF4-DF230CBAD3B7}"
EndProject
Project("{FAE04EC0-301F-11D3-BF4B-00C04F79EFBC}") = "ExpressionCache.Distributed.Testing", "src\ExpressionCache.Distributed.Testing\ExpressionCache.Distributed.Testing.csproj", "{FBD81058-51EC-4719-9652-9B79D6E5C8A8}"
EndProject
Project("{2150E333-8FDC-42A3-9474-1A3956D46DE8}") = "rulesets", "rulesets", "{E4F2049C-42A0-488E-8E03-E8ED6C62F722}"
ProjectSection(SolutionItems) = preProject
	rulesets\shared.ruleset = rulesets\shared.ruleset
	rulesets\tests.ruleset = rulesets\tests.ruleset
	rulesets\testing.ruleset = rulesets\testing.ruleset
EndProjectSection
EndProject
Global
	GlobalSection(SolutionConfigurationPlatforms) = preSolution
		Debug|Any CPU = Debug|Any CPU
		Release|Any CPU = Release|Any CPU
	EndGlobalSection
	GlobalSection(ProjectConfigurationPlatforms) = postSolution
		{95FC9AF3-A1C9-409E-A5BB-48BAD47A8EDF}.Debug|Any CPU.ActiveCfg = Debug|Any CPU
		{95FC9AF3-A1C9-409E-A5BB-48BAD47A8EDF}.Debug|Any CPU.Build.0 = Debug|Any CPU
		{95FC9AF3-A1C9-409E-A5BB-48BAD47A8EDF}.Release|Any CPU.ActiveCfg = Release|Any CPU
		{95FC9AF3-A1C9-409E-A5BB-48BAD47A8EDF}.Release|Any CPU.Build.0 = Release|Any CPU
		{7F57734F-030D-47FF-901E-EF7744591C3F}.Debug|Any CPU.ActiveCfg = Debug|Any CPU
		{7F57734F-030D-47FF-901E-EF7744591C3F}.Debug|Any CPU.Build.0 = Debug|Any CPU
		{7F57734F-030D-47FF-901E-EF7744591C3F}.Release|Any CPU.ActiveCfg = Release|Any CPU
		{7F57734F-030D-47FF-901E-EF7744591C3F}.Release|Any CPU.Build.0 = Release|Any CPU
		{C9B64175-438C-45CF-813D-080668803BF2}.Debug|Any CPU.ActiveCfg = Debug|Any CPU
		{C9B64175-438C-45CF-813D-080668803BF2}.Debug|Any CPU.Build.0 = Debug|Any CPU
		{C9B64175-438C-45CF-813D-080668803BF2}.Release|Any CPU.ActiveCfg = Release|Any CPU
		{C9B64175-438C-45CF-813D-080668803BF2}.Release|Any CPU.Build.0 = Release|Any CPU
		{E1933559-16AE-4A3F-B0B0-320EAF8566C6}.Debug|Any CPU.ActiveCfg = Debug|Any CPU
		{E1933559-16AE-4A3F-B0B0-320EAF8566C6}.Debug|Any CPU.Build.0 = Debug|Any CPU
		{E1933559-16AE-4A3F-B0B0-320EAF8566C6}.Release|Any CPU.ActiveCfg = Release|Any CPU
		{E1933559-16AE-4A3F-B0B0-320EAF8566C6}.Release|Any CPU.Build.0 = Release|Any CPU
		{69E4DBC2-2456-468E-BAF4-DF230CBAD3B7}.Debug|Any CPU.ActiveCfg = Debug|Any CPU
		{69E4DBC2-2456-468E-BAF4-DF230CBAD3B7}.Debug|Any CPU.Build.0 = Debug|Any CPU
		{69E4DBC2-2456-468E-BAF4-DF230CBAD3B7}.Release|Any CPU.ActiveCfg = Release|Any CPU
		{69E4DBC2-2456-468E-BAF4-DF230CBAD3B7}.Release|Any CPU.Build.0 = Release|Any CPU
		{FBD81058-51EC-4719-9652-9B79D6E5C8A8}.Debug|Any CPU.ActiveCfg = Debug|Any CPU
		{FBD81058-51EC-4719-9652-9B79D6E5C8A8}.Debug|Any CPU.Build.0 = Debug|Any CPU
		{FBD81058-51EC-4719-9652-9B79D6E5C8A8}.Release|Any CPU.ActiveCfg = Release|Any CPU
		{FBD81058-51EC-4719-9652-9B79D6E5C8A8}.Release|Any CPU.Build.0 = Release|Any CPU
	EndGlobalSection
	GlobalSection(SolutionProperties) = preSolution
		HideSolutionNode = FALSE
	EndGlobalSection
	GlobalSection(NestedProjects) = preSolution
		{95FC9AF3-A1C9-409E-A5BB-48BAD47A8EDF} = {F72E828C-F7DE-4017-98C6-DA80131AF0D9}
		{7F57734F-030D-47FF-901E-EF7744591C3F} = {F72E828C-F7DE-4017-98C6-DA80131AF0D9}
		{DE84B09E-D95B-4FA5-B0F3-BAE35F5F38FA} = {0D3664A8-B03E-4BCF-839D-05B531696319}
		{C9B64175-438C-45CF-813D-080668803BF2} = {F72E828C-F7DE-4017-98C6-DA80131AF0D9}
		{E1933559-16AE-4A3F-B0B0-320EAF8566C6} = {F72E828C-F7DE-4017-98C6-DA80131AF0D9}
		{5C5971BF-7D23-4A16-98D3-E5989A978626} = {0D3664A8-B03E-4BCF-839D-05B531696319}
		{69E4DBC2-2456-468E-BAF4-DF230CBAD3B7} = {F72E828C-F7DE-4017-98C6-DA80131AF0D9}
		{FBD81058-51EC-4719-9652-9B79D6E5C8A8} = {F72E828C-F7DE-4017-98C6-DA80131AF0D9}
		{E4F2049C-42A0-488E-8E03-E8ED6C62F722} = {0D3664A8-B03E-4BCF-839D-05B531696319}
	EndGlobalSection
	GlobalSection(ExtensibilityGlobals) = postSolution
		SolutionGuid = {A299EE11-0232-400D-9A3B-DC506153B286}
	EndGlobalSection
EndGlobal
